
Microsoft Visual Studio Solution File, Format Version 12.00
# Visual Studio Version 17
VisualStudioVersion = 17.11.35327.3
MinimumVisualStudioVersion = 10.0.40219.1
Project("{9A19103F-16F7-4668-BE54-9A1E7A4F7556}") = "CalculatorApp", "CalculatorApp\CalculatorApp.csproj", "{F5ECF7CA-4E0F-46E7-986D-ED9EDF27EAAA}"
EndProject
Global
	GlobalSection(SolutionConfigurationPlatforms) = preSolution
		Debug|Any CPU = Debug|Any CPU
		Release|Any CPU = Release|Any CPU
	EndGlobalSection
	GlobalSection(ProjectConfigurationPlatforms) = postSolution
		{F5ECF7CA-4E0F-46E7-986D-ED9EDF27EAAA}.Debug|Any CPU.ActiveCfg = Debug|Any CPU
		{F5ECF7CA-4E0F-46E7-986D-ED9EDF27EAAA}.Debug|Any CPU.Build.0 = Debug|Any CPU
		{F5ECF7CA-4E0F-46E7-986D-ED9EDF27EAAA}.Debug|Any CPU.Deploy.0 = Debug|Any CPU
		{F5ECF7CA-4E0F-46E7-986D-ED9EDF27EAAA}.Release|Any CPU.ActiveCfg = Release|Any CPU
		{F5ECF7CA-4E0F-46E7-986D-ED9EDF27EAAA}.Release|Any CPU.Build.0 = Release|Any CPU
		{F5ECF7CA-4E0F-46E7-986D-ED9EDF27EAAA}.Release|Any CPU.Deploy.0 = Release|Any CPU
	EndGlobalSection
	GlobalSection(SolutionProperties) = preSolution
		HideSolutionNode = FALSE
	EndGlobalSection
	GlobalSection(ExtensibilityGlobals) = postSolution
		SolutionGuid = {C119B79F-1984-4DFC-A7DC-097E0F17C123}
	EndGlobalSection
EndGlobal
